// !$*UTF8*$!
{
	archiveVersion = 1;
	classes = {
	};
	objectVersion = 51;
	objects = {

/* Begin PBXBuildFile section */
		1414F21D257BE3E700448EF5 /* ShopTogether2App.swift in Sources */ = {isa = PBXBuildFile; fileRef = 1414F21C257BE3E700448EF5 /* ShopTogether2App.swift */; };
		1414F21F257BE3E700448EF5 /* ContentView.swift in Sources */ = {isa = PBXBuildFile; fileRef = 1414F21E257BE3E700448EF5 /* ContentView.swift */; };
		1414F221257BE3E900448EF5 /* Assets.xcassets in Resources */ = {isa = PBXBuildFile; fileRef = 1414F220257BE3E900448EF5 /* Assets.xcassets */; };
		1414F224257BE3E900448EF5 /* Preview Assets.xcassets in Resources */ = {isa = PBXBuildFile; fileRef = 1414F223257BE3E900448EF5 /* Preview Assets.xcassets */; };
		1414F252257BE6D500448EF5 /* GoogleService-Info.plist in Resources */ = {isa = PBXBuildFile; fileRef = 1414F251257BE6D500448EF5 /* GoogleService-Info.plist */; };
		1414F25A257BE76D00448EF5 /* LogInView.swift in Sources */ = {isa = PBXBuildFile; fileRef = 1414F259257BE76D00448EF5 /* LogInView.swift */; };
		1414F25E257BE81300448EF5 /* AddView.swift in Sources */ = {isa = PBXBuildFile; fileRef = 1414F25D257BE81300448EF5 /* AddView.swift */; };
		1414F262257BE82700448EF5 /* SignInWithApple.swift in Sources */ = {isa = PBXBuildFile; fileRef = 1414F261257BE82700448EF5 /* SignInWithApple.swift */; };
		1414F267257BE86400448EF5 /* ShopItem.swift in Sources */ = {isa = PBXBuildFile; fileRef = 1414F266257BE86400448EF5 /* ShopItem.swift */; };
		1414F26A257BE94A00448EF5 /* AppleCoordinator.swift in Sources */ = {isa = PBXBuildFile; fileRef = 1414F269257BE94A00448EF5 /* AppleCoordinator.swift */; };
		1468E77625823DC20079FFD9 /* AddCircle.swift in Sources */ = {isa = PBXBuildFile; fileRef = 1468E77425823DC20079FFD9 /* AddCircle.swift */; };
		1468E77725823DC20079FFD9 /* AmountType.swift in Sources */ = {isa = PBXBuildFile; fileRef = 1468E77525823DC20079FFD9 /* AmountType.swift */; };
		1468E77B25823DD00079FFD9 /* Refresh.swift in Sources */ = {isa = PBXBuildFile; fileRef = 1468E77925823DD00079FFD9 /* Refresh.swift */; };
		1468E77C25823DD00079FFD9 /* CreateLogIn.swift in Sources */ = {isa = PBXBuildFile; fileRef = 1468E77A25823DD00079FFD9 /* CreateLogIn.swift */; };
		1468E78025823DDC0079FFD9 /* SignInWithEmail.swift in Sources */ = {isa = PBXBuildFile; fileRef = 1468E77E25823DDB0079FFD9 /* SignInWithEmail.swift */; };
		1468E78125823DDC0079FFD9 /* SignOut.swift in Sources */ = {isa = PBXBuildFile; fileRef = 1468E77F25823DDB0079FFD9 /* SignOut.swift */; };
		1474009B257E462500AD7190 /* new.swift in Sources */ = {isa = PBXBuildFile; fileRef = 1474009A257E462500AD7190 /* new.swift */; };
		E0954DA61B64F5D759040AD2 /* Pods_ShopTogether2.framework in Frameworks */ = {isa = PBXBuildFile; fileRef = 5CAF3E56CA4C8E04083BF9AE /* Pods_ShopTogether2.framework */; };
/* End PBXBuildFile section */

/* Begin PBXFileReference section */
		1414F219257BE3E700448EF5 /* ShopTogether2.app */ = {isa = PBXFileReference; explicitFileType = wrapper.application; includeInIndex = 0; path = ShopTogether2.app; sourceTree = BUILT_PRODUCTS_DIR; };
		1414F21C257BE3E700448EF5 /* ShopTogether2App.swift */ = {isa = PBXFileReference; lastKnownFileType = sourcecode.swift; path = ShopTogether2App.swift; sourceTree = "<group>"; };
		1414F21E257BE3E700448EF5 /* ContentView.swift */ = {isa = PBXFileReference; lastKnownFileType = sourcecode.swift; path = ContentView.swift; sourceTree = "<group>"; };
		1414F220257BE3E900448EF5 /* Assets.xcassets */ = {isa = PBXFileReference; lastKnownFileType = folder.assetcatalog; path = Assets.xcassets; sourceTree = "<group>"; };
		1414F223257BE3E900448EF5 /* Preview Assets.xcassets */ = {isa = PBXFileReference; lastKnownFileType = folder.assetcatalog; path = "Preview Assets.xcassets"; sourceTree = "<group>"; };
		1414F225257BE3E900448EF5 /* Info.plist */ = {isa = PBXFileReference; lastKnownFileType = text.plist.xml; path = Info.plist; sourceTree = "<group>"; };
		1414F251257BE6D500448EF5 /* GoogleService-Info.plist */ = {isa = PBXFileReference; fileEncoding = 4; lastKnownFileType = text.plist.xml; path = "GoogleService-Info.plist"; sourceTree = "<group>"; };
		1414F259257BE76D00448EF5 /* LogInView.swift */ = {isa = PBXFileReference; lastKnownFileType = sourcecode.swift; path = LogInView.swift; sourceTree = "<group>"; };
		1414F25D257BE81300448EF5 /* AddView.swift */ = {isa = PBXFileReference; lastKnownFileType = sourcecode.swift; path = AddView.swift; sourceTree = "<group>"; };
		1414F261257BE82700448EF5 /* SignInWithApple.swift */ = {isa = PBXFileReference; lastKnownFileType = sourcecode.swift; path = SignInWithApple.swift; sourceTree = "<group>"; };
		1414F266257BE86400448EF5 /* ShopItem.swift */ = {isa = PBXFileReference; lastKnownFileType = sourcecode.swift; path = ShopItem.swift; sourceTree = "<group>"; };
		1414F269257BE94A00448EF5 /* AppleCoordinator.swift */ = {isa = PBXFileReference; lastKnownFileType = sourcecode.swift; path = AppleCoordinator.swift; sourceTree = "<group>"; };
		1414F26E257BED7A00448EF5 /* ShopTogether2.entitlements */ = {isa = PBXFileReference; lastKnownFileType = text.plist.entitlements; path = ShopTogether2.entitlements; sourceTree = "<group>"; };
		1468E77425823DC20079FFD9 /* AddCircle.swift */ = {isa = PBXFileReference; fileEncoding = 4; lastKnownFileType = sourcecode.swift; path = AddCircle.swift; sourceTree = "<group>"; };
		1468E77525823DC20079FFD9 /* AmountType.swift */ = {isa = PBXFileReference; fileEncoding = 4; lastKnownFileType = sourcecode.swift; path = AmountType.swift; sourceTree = "<group>"; };
		1468E77925823DD00079FFD9 /* Refresh.swift */ = {isa = PBXFileReference; fileEncoding = 4; lastKnownFileType = sourcecode.swift; path = Refresh.swift; sourceTree = "<group>"; };
		1468E77A25823DD00079FFD9 /* CreateLogIn.swift */ = {isa = PBXFileReference; fileEncoding = 4; lastKnownFileType = sourcecode.swift; path = CreateLogIn.swift; sourceTree = "<group>"; };
		1468E77E25823DDB0079FFD9 /* SignInWithEmail.swift */ = {isa = PBXFileReference; fileEncoding = 4; lastKnownFileType = sourcecode.swift; path = SignInWithEmail.swift; sourceTree = "<group>"; };
		1468E77F25823DDB0079FFD9 /* SignOut.swift */ = {isa = PBXFileReference; fileEncoding = 4; lastKnownFileType = sourcecode.swift; path = SignOut.swift; sourceTree = "<group>"; };
		1474009A257E462500AD7190 /* new.swift */ = {isa = PBXFileReference; lastKnownFileType = sourcecode.swift; path = new.swift; sourceTree = "<group>"; };
		5CAF3E56CA4C8E04083BF9AE /* Pods_ShopTogether2.framework */ = {isa = PBXFileReference; explicitFileType = wrapper.framework; includeInIndex = 0; path = Pods_ShopTogether2.framework; sourceTree = BUILT_PRODUCTS_DIR; };
		68BE9BF9C62121E1A0293239 /* Pods-ShopTogether2.release.xcconfig */ = {isa = PBXFileReference; includeInIndex = 1; lastKnownFileType = text.xcconfig; name = "Pods-ShopTogether2.release.xcconfig"; path = "Target Support Files/Pods-ShopTogether2/Pods-ShopTogether2.release.xcconfig"; sourceTree = "<group>"; };
		BBE6ACB80636E6BA4A2783D4 /* Pods-ShopTogether2.debug.xcconfig */ = {isa = PBXFileReference; includeInIndex = 1; lastKnownFileType = text.xcconfig; name = "Pods-ShopTogether2.debug.xcconfig"; path = "Target Support Files/Pods-ShopTogether2/Pods-ShopTogether2.debug.xcconfig"; sourceTree = "<group>"; };
/* End PBXFileReference section */

/* Begin PBXFrameworksBuildPhase section */
		1414F216257BE3E700448EF5 /* Frameworks */ = {
			isa = PBXFrameworksBuildPhase;
			buildActionMask = 2147483647;
			files = (
				E0954DA61B64F5D759040AD2 /* Pods_ShopTogether2.framework in Frameworks */,
			);
			runOnlyForDeploymentPostprocessing = 0;
		};
/* End PBXFrameworksBuildPhase section */

/* Begin PBXGroup section */
		1414F210257BE3E700448EF5 = {
			isa = PBXGroup;
			children = (
				1414F21B257BE3E700448EF5 /* ShopTogether2 */,
				1414F21A257BE3E700448EF5 /* Products */,
				433577B34159F49479B37DCD /* Pods */,
				E3E713C5EC2387FB9CD3DA8A /* Frameworks */,
			);
			sourceTree = "<group>";
		};
		1414F21A257BE3E700448EF5 /* Products */ = {
			isa = PBXGroup;
			children = (
				1414F219257BE3E700448EF5 /* ShopTogether2.app */,
			);
			name = Products;
			sourceTree = "<group>";
		};
		1414F21B257BE3E700448EF5 /* ShopTogether2 */ = {
			isa = PBXGroup;
			children = (
				1414F26E257BED7A00448EF5 /* ShopTogether2.entitlements */,
				1414F255257BE74D00448EF5 /* Buttons */,
				1414F254257BE74300448EF5 /* Views */,
				1414F21C257BE3E700448EF5 /* ShopTogether2App.swift */,
				1414F220257BE3E900448EF5 /* Assets.xcassets */,
				1414F225257BE3E900448EF5 /* Info.plist */,
				1414F251257BE6D500448EF5 /* GoogleService-Info.plist */,
				1414F222257BE3E900448EF5 /* Preview Content */,
				1414F266257BE86400448EF5 /* ShopItem.swift */,
				1474009A257E462500AD7190 /* new.swift */,
			);
			path = ShopTogether2;
			sourceTree = "<group>";
		};
		1414F222257BE3E900448EF5 /* Preview Content */ = {
			isa = PBXGroup;
			children = (
				1414F223257BE3E900448EF5 /* Preview Assets.xcassets */,
			);
			path = "Preview Content";
			sourceTree = "<group>";
		};
		1414F254257BE74300448EF5 /* Views */ = {
			isa = PBXGroup;
			children = (
				1414F21E257BE3E700448EF5 /* ContentView.swift */,
				1414F259257BE76D00448EF5 /* LogInView.swift */,
				1414F25D257BE81300448EF5 /* AddView.swift */,
			);
			path = Views;
			sourceTree = "<group>";
		};
		1414F255257BE74D00448EF5 /* Buttons */ = {
			isa = PBXGroup;
			children = (
				1468E77425823DC20079FFD9 /* AddCircle.swift */,
				1468E77525823DC20079FFD9 /* AmountType.swift */,
				1468E77A25823DD00079FFD9 /* CreateLogIn.swift */,
				1468E77925823DD00079FFD9 /* Refresh.swift */,
				1414F261257BE82700448EF5 /* SignInWithApple.swift */,
				1468E77E25823DDB0079FFD9 /* SignInWithEmail.swift */,
				1468E77F25823DDB0079FFD9 /* SignOut.swift */,
				1414F269257BE94A00448EF5 /* AppleCoordinator.swift */,
			);
			path = Buttons;
			sourceTree = "<group>";
		};
		433577B34159F49479B37DCD /* Pods */ = {
			isa = PBXGroup;
			children = (
				BBE6ACB80636E6BA4A2783D4 /* Pods-ShopTogether2.debug.xcconfig */,
				68BE9BF9C62121E1A0293239 /* Pods-ShopTogether2.release.xcconfig */,
			);
			path = Pods;
			sourceTree = "<group>";
		};
		E3E713C5EC2387FB9CD3DA8A /* Frameworks */ = {
			isa = PBXGroup;
			children = (
				5CAF3E56CA4C8E04083BF9AE /* Pods_ShopTogether2.framework */,
			);
			name = Frameworks;
			sourceTree = "<group>";
		};
/* End PBXGroup section */

/* Begin PBXNativeTarget section */
		1414F218257BE3E700448EF5 /* ShopTogether2 */ = {
			isa = PBXNativeTarget;
			buildConfigurationList = 1414F228257BE3E900448EF5 /* Build configuration list for PBXNativeTarget "ShopTogether2" */;
			buildPhases = (
				AE916CB7EC290AB6AF654A46 /* [CP] Check Pods Manifest.lock */,
				1414F215257BE3E700448EF5 /* Sources */,
				1414F216257BE3E700448EF5 /* Frameworks */,
				1414F217257BE3E700448EF5 /* Resources */,
				904DE38697062BC8F6536D6D /* [CP] Embed Pods Frameworks */,
				AE47638875E3FF51E669BCA6 /* [CP] Copy Pods Resources */,
			);
			buildRules = (
			);
			dependencies = (
			);
			name = ShopTogether2;
			productName = ShopTogether2;
			productReference = 1414F219257BE3E700448EF5 /* ShopTogether2.app */;
			productType = "com.apple.product-type.application";
		};
/* End PBXNativeTarget section */

/* Begin PBXProject section */
		1414F211257BE3E700448EF5 /* Project object */ = {
			isa = PBXProject;
			attributes = {
				LastSwiftUpdateCheck = 1220;
				LastUpgradeCheck = 1220;
				TargetAttributes = {
					1414F218257BE3E700448EF5 = {
						CreatedOnToolsVersion = 12.2;
					};
				};
			};
			buildConfigurationList = 1414F214257BE3E700448EF5 /* Build configuration list for PBXProject "ShopTogether2" */;
			compatibilityVersion = "Xcode 9.3";
			developmentRegion = en;
			hasScannedForEncodings = 0;
			knownRegions = (
				en,
				Base,
			);
			mainGroup = 1414F210257BE3E700448EF5;
			productRefGroup = 1414F21A257BE3E700448EF5 /* Products */;
			projectDirPath = "";
			projectRoot = "";
			targets = (
				1414F218257BE3E700448EF5 /* ShopTogether2 */,
			);
		};
/* End PBXProject section */

/* Begin PBXResourcesBuildPhase section */
		1414F217257BE3E700448EF5 /* Resources */ = {
			isa = PBXResourcesBuildPhase;
			buildActionMask = 2147483647;
			files = (
				1414F224257BE3E900448EF5 /* Preview Assets.xcassets in Resources */,
				1414F221257BE3E900448EF5 /* Assets.xcassets in Resources */,
				1414F252257BE6D500448EF5 /* GoogleService-Info.plist in Resources */,
			);
			runOnlyForDeploymentPostprocessing = 0;
		};
/* End PBXResourcesBuildPhase section */

/* Begin PBXShellScriptBuildPhase section */
		904DE38697062BC8F6536D6D /* [CP] Embed Pods Frameworks */ = {
			isa = PBXShellScriptBuildPhase;
			buildActionMask = 2147483647;
			files = (
			);
			inputFileListPaths = (
				"${PODS_ROOT}/Target Support Files/Pods-ShopTogether2/Pods-ShopTogether2-frameworks-${CONFIGURATION}-input-files.xcfilelist",
			);
			name = "[CP] Embed Pods Frameworks";
			outputFileListPaths = (
				"${PODS_ROOT}/Target Support Files/Pods-ShopTogether2/Pods-ShopTogether2-frameworks-${CONFIGURATION}-output-files.xcfilelist",
			);
			runOnlyForDeploymentPostprocessing = 0;
			shellPath = /bin/sh;
			shellScript = "\"${PODS_ROOT}/Target Support Files/Pods-ShopTogether2/Pods-ShopTogether2-frameworks.sh\"\n";
			showEnvVarsInLog = 0;
		};
		AE47638875E3FF51E669BCA6 /* [CP] Copy Pods Resources */ = {
			isa = PBXShellScriptBuildPhase;
			buildActionMask = 2147483647;
			files = (
			);
			inputFileListPaths = (
				"${PODS_ROOT}/Target Support Files/Pods-ShopTogether2/Pods-ShopTogether2-resources-${CONFIGURATION}-input-files.xcfilelist",
			);
			name = "[CP] Copy Pods Resources";
			outputFileListPaths = (
				"${PODS_ROOT}/Target Support Files/Pods-ShopTogether2/Pods-ShopTogether2-resources-${CONFIGURATION}-output-files.xcfilelist",
			);
			runOnlyForDeploymentPostprocessing = 0;
			shellPath = /bin/sh;
			shellScript = "\"${PODS_ROOT}/Target Support Files/Pods-ShopTogether2/Pods-ShopTogether2-resources.sh\"\n";
			showEnvVarsInLog = 0;
		};
		AE916CB7EC290AB6AF654A46 /* [CP] Check Pods Manifest.lock */ = {
			isa = PBXShellScriptBuildPhase;
			buildActionMask = 2147483647;
			files = (
			);
			inputFileListPaths = (
			);
			inputPaths = (
				"${PODS_PODFILE_DIR_PATH}/Podfile.lock",
				"${PODS_ROOT}/Manifest.lock",
			);
			name = "[CP] Check Pods Manifest.lock";
			outputFileListPaths = (
			);
			outputPaths = (
				"$(DERIVED_FILE_DIR)/Pods-ShopTogether2-checkManifestLockResult.txt",
			);
			runOnlyForDeploymentPostprocessing = 0;
			shellPath = /bin/sh;
			shellScript = "diff \"${PODS_PODFILE_DIR_PATH}/Podfile.lock\" \"${PODS_ROOT}/Manifest.lock\" > /dev/null\nif [ $? != 0 ] ; then\n    # print error to STDERR\n    echo \"error: The sandbox is not in sync with the Podfile.lock. Run 'pod install' or update your CocoaPods installation.\" >&2\n    exit 1\nfi\n# This output is used by Xcode 'outputs' to avoid re-running this script phase.\necho \"SUCCESS\" > \"${SCRIPT_OUTPUT_FILE_0}\"\n";
			showEnvVarsInLog = 0;
		};
/* End PBXShellScriptBuildPhase section */

/* Begin PBXSourcesBuildPhase section */
		1414F215257BE3E700448EF5 /* Sources */ = {
			isa = PBXSourcesBuildPhase;
			buildActionMask = 2147483647;
			files = (
				1474009B257E462500AD7190 /* new.swift in Sources */,
				1468E78125823DDC0079FFD9 /* SignOut.swift in Sources */,
				1468E77725823DC20079FFD9 /* AmountType.swift in Sources */,
				1414F21F257BE3E700448EF5 /* ContentView.swift in Sources */,
				1468E77625823DC20079FFD9 /* AddCircle.swift in Sources */,
				1468E78025823DDC0079FFD9 /* SignInWithEmail.swift in Sources */,
				1468E77B25823DD00079FFD9 /* Refresh.swift in Sources */,
				1414F267257BE86400448EF5 /* ShopItem.swift in Sources */,
				1468E77C25823DD00079FFD9 /* CreateLogIn.swift in Sources */,
				1414F25E257BE81300448EF5 /* AddView.swift in Sources */,
				1414F25A257BE76D00448EF5 /* LogInView.swift in Sources */,
				1414F262257BE82700448EF5 /* SignInWithApple.swift in Sources */,
				1414F21D257BE3E700448EF5 /* ShopTogether2App.swift in Sources */,
				1414F26A257BE94A00448EF5 /* AppleCoordinator.swift in Sources */,
			);
			runOnlyForDeploymentPostprocessing = 0;
		};
/* End PBXSourcesBuildPhase section */

/* Begin XCBuildConfiguration section */
		1414F226257BE3E900448EF5 /* Debug */ = {
			isa = XCBuildConfiguration;
			buildSettings = {
				ALWAYS_SEARCH_USER_PATHS = NO;
				CLANG_ANALYZER_NONNULL = YES;
				CLANG_ANALYZER_NUMBER_OBJECT_CONVERSION = YES_AGGRESSIVE;
				CLANG_CXX_LANGUAGE_STANDARD = "gnu++14";
				CLANG_CXX_LIBRARY = "libc++";
				CLANG_ENABLE_MODULES = YES;
				CLANG_ENABLE_OBJC_ARC = YES;
				CLANG_ENABLE_OBJC_WEAK = YES;
				CLANG_WARN_BLOCK_CAPTURE_AUTORELEASING = YES;
				CLANG_WARN_BOOL_CONVERSION = YES;
				CLANG_WARN_COMMA = YES;
				CLANG_WARN_CONSTANT_CONVERSION = YES;
				CLANG_WARN_DEPRECATED_OBJC_IMPLEMENTATIONS = YES;
				CLANG_WARN_DIRECT_OBJC_ISA_USAGE = YES_ERROR;
				CLANG_WARN_DOCUMENTATION_COMMENTS = YES;
				CLANG_WARN_EMPTY_BODY = YES;
				CLANG_WARN_ENUM_CONVERSION = YES;
				CLANG_WARN_INFINITE_RECURSION = YES;
				CLANG_WARN_INT_CONVERSION = YES;
				CLANG_WARN_NON_LITERAL_NULL_CONVERSION = YES;
				CLANG_WARN_OBJC_IMPLICIT_RETAIN_SELF = YES;
				CLANG_WARN_OBJC_LITERAL_CONVERSION = YES;
				CLANG_WARN_OBJC_ROOT_CLASS = YES_ERROR;
				CLANG_WARN_QUOTED_INCLUDE_IN_FRAMEWORK_HEADER = YES;
				CLANG_WARN_RANGE_LOOP_ANALYSIS = YES;
				CLANG_WARN_STRICT_PROTOTYPES = YES;
				CLANG_WARN_SUSPICIOUS_MOVE = YES;
				CLANG_WARN_UNGUARDED_AVAILABILITY = YES_AGGRESSIVE;
				CLANG_WARN_UNREACHABLE_CODE = YES;
				CLANG_WARN__DUPLICATE_METHOD_MATCH = YES;
				COPY_PHASE_STRIP = NO;
				DEBUG_INFORMATION_FORMAT = dwarf;
				ENABLE_STRICT_OBJC_MSGSEND = YES;
				ENABLE_TESTABILITY = YES;
				GCC_C_LANGUAGE_STANDARD = gnu11;
				GCC_DYNAMIC_NO_PIC = NO;
				GCC_NO_COMMON_BLOCKS = YES;
				GCC_OPTIMIZATION_LEVEL = 0;
				GCC_PREPROCESSOR_DEFINITIONS = (
					"DEBUG=1",
					"$(inherited)",
				);
				GCC_WARN_64_TO_32_BIT_CONVERSION = YES;
				GCC_WARN_ABOUT_RETURN_TYPE = YES_ERROR;
				GCC_WARN_UNDECLARED_SELECTOR = YES;
				GCC_WARN_UNINITIALIZED_AUTOS = YES_AGGRESSIVE;
				GCC_WARN_UNUSED_FUNCTION = YES;
				GCC_WARN_UNUSED_VARIABLE = YES;
				IPHONEOS_DEPLOYMENT_TARGET = 14.2;
				MTL_ENABLE_DEBUG_INFO = INCLUDE_SOURCE;
				MTL_FAST_MATH = YES;
				ONLY_ACTIVE_ARCH = YES;
				SDKROOT = iphoneos;
				SWIFT_ACTIVE_COMPILATION_CONDITIONS = DEBUG;
				SWIFT_OPTIMIZATION_LEVEL = "-Onone";
			};
			name = Debug;
		};
		1414F227257BE3E900448EF5 /* Release */ = {
			isa = XCBuildConfiguration;
			buildSettings = {
				ALWAYS_SEARCH_USER_PATHS = NO;
				CLANG_ANALYZER_NONNULL = YES;
				CLANG_ANALYZER_NUMBER_OBJECT_CONVERSION = YES_AGGRESSIVE;
				CLANG_CXX_LANGUAGE_STANDARD = "gnu++14";
				CLANG_CXX_LIBRARY = "libc++";
				CLANG_ENABLE_MODULES = YES;
				CLANG_ENABLE_OBJC_ARC = YES;
				CLANG_ENABLE_OBJC_WEAK = YES;
				CLANG_WARN_BLOCK_CAPTURE_AUTORELEASING = YES;
				CLANG_WARN_BOOL_CONVERSION = YES;
				CLANG_WARN_COMMA = YES;
				CLANG_WARN_CONSTANT_CONVERSION = YES;
				CLANG_WARN_DEPRECATED_OBJC_IMPLEMENTATIONS = YES;
				CLANG_WARN_DIRECT_OBJC_ISA_USAGE = YES_ERROR;
				CLANG_WARN_DOCUMENTATION_COMMENTS = YES;
				CLANG_WARN_EMPTY_BODY = YES;
				CLANG_WARN_ENUM_CONVERSION = YES;
				CLANG_WARN_INFINITE_RECURSION = YES;
				CLANG_WARN_INT_CONVERSION = YES;
				CLANG_WARN_NON_LITERAL_NULL_CONVERSION = YES;
				CLANG_WARN_OBJC_IMPLICIT_RETAIN_SELF = YES;
				CLANG_WARN_OBJC_LITERAL_CONVERSION = YES;
				CLANG_WARN_OBJC_ROOT_CLASS = YES_ERROR;
				CLANG_WARN_QUOTED_INCLUDE_IN_FRAMEWORK_HEADER = YES;
				CLANG_WARN_RANGE_LOOP_ANALYSIS = YES;
				CLANG_WARN_STRICT_PROTOTYPES = YES;
				CLANG_WARN_SUSPICIOUS_MOVE = YES;
				CLANG_WARN_UNGUARDED_AVAILABILITY = YES_AGGRESSIVE;
				CLANG_WARN_UNREACHABLE_CODE = YES;
				CLANG_WARN__DUPLICATE_METHOD_MATCH = YES;
				COPY_PHASE_STRIP = NO;
				DEBUG_INFORMATION_FORMAT = "dwarf-with-dsym";
				ENABLE_NS_ASSERTIONS = NO;
				ENABLE_STRICT_OBJC_MSGSEND = YES;
				GCC_C_LANGUAGE_STANDARD = gnu11;
				GCC_NO_COMMON_BLOCKS = YES;
				GCC_WARN_64_TO_32_BIT_CONVERSION = YES;
				GCC_WARN_ABOUT_RETURN_TYPE = YES_ERROR;
				GCC_WARN_UNDECLARED_SELECTOR = YES;
				GCC_WARN_UNINITIALIZED_AUTOS = YES_AGGRESSIVE;
				GCC_WARN_UNUSED_FUNCTION = YES;
				GCC_WARN_UNUSED_VARIABLE = YES;
				IPHONEOS_DEPLOYMENT_TARGET = 14.2;
				MTL_ENABLE_DEBUG_INFO = NO;
				MTL_FAST_MATH = YES;
				SDKROOT = iphoneos;
				SWIFT_COMPILATION_MODE = wholemodule;
				SWIFT_OPTIMIZATION_LEVEL = "-O";
				VALIDATE_PRODUCT = YES;
			};
			name = Release;
		};
		1414F229257BE3E900448EF5 /* Debug */ = {
			isa = XCBuildConfiguration;
			baseConfigurationReference = BBE6ACB80636E6BA4A2783D4 /* Pods-ShopTogether2.debug.xcconfig */;
			buildSettings = {
				ASSETCATALOG_COMPILER_APPICON_NAME = AppIcon;
				ASSETCATALOG_COMPILER_GLOBAL_ACCENT_COLOR_NAME = AccentColor;
				CODE_SIGN_ENTITLEMENTS = ShopTogether2/ShopTogether2.entitlements;
				CODE_SIGN_STYLE = Automatic;
				DEVELOPMENT_ASSET_PATHS = "\"ShopTogether2/Preview Content\"";
				DEVELOPMENT_TEAM = 89DQD8B7D7;
				ENABLE_PREVIEWS = YES;
				INFOPLIST_FILE = ShopTogether2/Info.plist;
				IPHONEOS_DEPLOYMENT_TARGET = 14.0;
				LD_RUNPATH_SEARCH_PATHS = (
					"$(inherited)",
					"@executable_path/Frameworks",
				);
				PRODUCT_BUNDLE_IDENTIFIER = com.pontuscroneld.ShopTogether2;
				PRODUCT_NAME = "$(TARGET_NAME)";
				SWIFT_VERSION = 5.0;
				TARGETED_DEVICE_FAMILY = "1,2";
			};
			name = Debug;
		};
		1414F22A257BE3E900448EF5 /* Release */ = {
			isa = XCBuildConfiguration;
			baseConfigurationReference = 68BE9BF9C62121E1A0293239 /* Pods-ShopTogether2.release.xcconfig */;
			buildSettings = {
				ASSETCATALOG_COMPILER_APPICON_NAME = AppIcon;
				ASSETCATALOG_COMPILER_GLOBAL_ACCENT_COLOR_NAME = AccentColor;
				CODE_SIGN_ENTITLEMENTS = ShopTogether2/ShopTogether2.entitlements;
				CODE_SIGN_STYLE = Automatic;
				DEVELOPMENT_ASSET_PATHS = "\"ShopTogether2/Preview Content\"";
				DEVELOPMENT_TEAM = 89DQD8B7D7;
				ENABLE_PREVIEWS = YES;
				INFOPLIST_FILE = ShopTogether2/Info.plist;
				IPHONEOS_DEPLOYMENT_TARGET = 14.0;
				LD_RUNPATH_SEARCH_PATHS = (
					"$(inherited)",
					"@executable_path/Frameworks",
				);
				PRODUCT_BUNDLE_IDENTIFIER = com.pontuscroneld.ShopTogether2;
				PRODUCT_NAME = "$(TARGET_NAME)";
				SWIFT_VERSION = 5.0;
				TARGETED_DEVICE_FAMILY = "1,2";
			};
			name = Release;
		};
/* End XCBuildConfiguration section */

/* Begin XCConfigurationList section */
		1414F214257BE3E700448EF5 /* Build configuration list for PBXProject "ShopTogether2" */ = {
			isa = XCConfigurationList;
			buildConfigurations = (
				1414F226257BE3E900448EF5 /* Debug */,
				1414F227257BE3E900448EF5 /* Release */,
			);
			defaultConfigurationIsVisible = 0;
			defaultConfigurationName = Release;
		};
		1414F228257BE3E900448EF5 /* Build configuration list for PBXNativeTarget "ShopTogether2" */ = {
			isa = XCConfigurationList;
			buildConfigurations = (
				1414F229257BE3E900448EF5 /* Debug */,
				1414F22A257BE3E900448EF5 /* Release */,
			);
			defaultConfigurationIsVisible = 0;
			defaultConfigurationName = Release;
		};
/* End XCConfigurationList section */
	};
	rootObject = 1414F211257BE3E700448EF5 /* Project object */;
}
